# This file is automatically @generated by Cargo.
# It is not intended for manual editing.
version = 4

[[package]]
name = "rusty-game-cabin"
version = "0.1.0"

[[package]]
name = "rusty-pirate"
version = "0.1.0"

[[package]]
name = "rusty-protocol"
version = "0.1.0"

[[package]]
name = "rusty-ship"
version = "0.1.0"
